
Microsoft Visual Studio Solution File, Format Version 12.00
# Visual Studio Version 16
VisualStudioVersion = 16.0.30621.155
MinimumVisualStudioVersion = 10.0.40219.1
Project("{8BC9CEB8-8B4A-11D0-8D11-00A0C91BC942}") = "ioctl_Windows", "ioctl_Windows\ioctl_Windows.vcxproj", "{DAFB815C-8736-46EB-BE8C-CE2098062DDF}"
EndProject
Project("{8BC9CEB8-8B4A-11D0-8D11-00A0C91BC942}") = "App", "App\App.vcxproj", "{8BA555F6-F5C6-4BF3-8AF7-CDC7014A8896}"
EndProject
Global
	GlobalSection(SolutionConfigurationPlatforms) = preSolution
		Debug|ARM = Debug|ARM
		Debug|ARM64 = Debug|ARM64
		Debug|x64 = Debug|x64
		Debug|x86 = Debug|x86
		Release|ARM = Release|ARM
		Release|ARM64 = Release|ARM64
		Release|x64 = Release|x64
		Release|x86 = Release|x86
	EndGlobalSection
	GlobalSection(ProjectConfigurationPlatforms) = postSolution
		{DAFB815C-8736-46EB-BE8C-CE2098062DDF}.Debug|ARM.ActiveCfg = Debug|ARM
		{DAFB815C-8736-46EB-BE8C-CE2098062DDF}.Debug|ARM.Build.0 = Debug|ARM
		{DAFB815C-8736-46EB-BE8C-CE2098062DDF}.Debug|ARM.Deploy.0 = Debug|ARM
		{DAFB815C-8736-46EB-BE8C-CE2098062DDF}.Debug|ARM64.ActiveCfg = Debug|ARM64
		{DAFB815C-8736-46EB-BE8C-CE2098062DDF}.Debug|ARM64.Build.0 = Debug|ARM64
		{DAFB815C-8736-46EB-BE8C-CE2098062DDF}.Debug|ARM64.Deploy.0 = Debug|ARM64
		{DAFB815C-8736-46EB-BE8C-CE2098062DDF}.Debug|x64.ActiveCfg = Debug|x64
		{DAFB815C-8736-46EB-BE8C-CE2098062DDF}.Debug|x64.Build.0 = Debug|x64
		{DAFB815C-8736-46EB-BE8C-CE2098062DDF}.Debug|x64.Deploy.0 = Debug|x64
		{DAFB815C-8736-46EB-BE8C-CE2098062DDF}.Debug|x86.ActiveCfg = Debug|Win32
		{DAFB815C-8736-46EB-BE8C-CE2098062DDF}.Debug|x86.Build.0 = Debug|Win32
		{DAFB815C-8736-46EB-BE8C-CE2098062DDF}.Debug|x86.Deploy.0 = Debug|Win32
		{DAFB815C-8736-46EB-BE8C-CE2098062DDF}.Release|ARM.ActiveCfg = Release|ARM
		{DAFB815C-8736-46EB-BE8C-CE2098062DDF}.Release|ARM.Build.0 = Release|ARM
		{DAFB815C-8736-46EB-BE8C-CE2098062DDF}.Release|ARM.Deploy.0 = Release|ARM
		{DAFB815C-8736-46EB-BE8C-CE2098062DDF}.Release|ARM64.ActiveCfg = Release|ARM64
		{DAFB815C-8736-46EB-BE8C-CE2098062DDF}.Release|ARM64.Build.0 = Release|ARM64
		{DAFB815C-8736-46EB-BE8C-CE2098062DDF}.Release|ARM64.Deploy.0 = Release|ARM64
		{DAFB815C-8736-46EB-BE8C-CE2098062DDF}.Release|x64.ActiveCfg = Release|x64
		{DAFB815C-8736-46EB-BE8C-CE2098062DDF}.Release|x64.Build.0 = Release|x64
		{DAFB815C-8736-46EB-BE8C-CE2098062DDF}.Release|x64.Deploy.0 = Release|x64
		{DAFB815C-8736-46EB-BE8C-CE2098062DDF}.Release|x86.ActiveCfg = Release|Win32
		{DAFB815C-8736-46EB-BE8C-CE2098062DDF}.Release|x86.Build.0 = Release|Win32
		{DAFB815C-8736-46EB-BE8C-CE2098062DDF}.Release|x86.Deploy.0 = Release|Win32
		{8BA555F6-F5C6-4BF3-8AF7-CDC7014A8896}.Debug|ARM.ActiveCfg = Debug|Win32
		{8BA555F6-F5C6-4BF3-8AF7-CDC7014A8896}.Debug|ARM64.ActiveCfg = Debug|Win32
		{8BA555F6-F5C6-4BF3-8AF7-CDC7014A8896}.Debug|x64.ActiveCfg = Debug|x64
		{8BA555F6-F5C6-4BF3-8AF7-CDC7014A8896}.Debug|x64.Build.0 = Debug|x64
		{8BA555F6-F5C6-4BF3-8AF7-CDC7014A8896}.Debug|x86.ActiveCfg = Debug|Win32
		{8BA555F6-F5C6-4BF3-8AF7-CDC7014A8896}.Debug|x86.Build.0 = Debug|Win32
		{8BA555F6-F5C6-4BF3-8AF7-CDC7014A8896}.Release|ARM.ActiveCfg = Release|Win32
		{8BA555F6-F5C6-4BF3-8AF7-CDC7014A8896}.Release|ARM64.ActiveCfg = Release|Win32
		{8BA555F6-F5C6-4BF3-8AF7-CDC7014A8896}.Release|x64.ActiveCfg = Release|x64
		{8BA555F6-F5C6-4BF3-8AF7-CDC7014A8896}.Release|x64.Build.0 = Release|x64
		{8BA555F6-F5C6-4BF3-8AF7-CDC7014A8896}.Release|x86.ActiveCfg = Release|Win32
		{8BA555F6-F5C6-4BF3-8AF7-CDC7014A8896}.Release|x86.Build.0 = Release|Win32
	EndGlobalSection
	GlobalSection(SolutionProperties) = preSolution
		HideSolutionNode = FALSE
	EndGlobalSection
	GlobalSection(ExtensibilityGlobals) = postSolution
		SolutionGuid = {5D8923DB-2732-4552-AB4F-6168D632E62D}
	EndGlobalSection
EndGlobal
